
Microsoft Visual Studio Solution File, Format Version 12.00
# Visual Studio Version 17
VisualStudioVersion = 17.13.35731.43 d17.13
MinimumVisualStudioVersion = 10.0.40219.1
Project("{FAE04EC0-301F-11D3-BF4B-00C04F79EFBC}") = "video2", "video2\video2.csproj", "{05BD37A8-146D-4FF8-A7EB-3541E4CED89B}"
EndProject
Global
	GlobalSection(SolutionConfigurationPlatforms) = preSolution
		Debug|Any CPU = Debug|Any CPU
		Release|Any CPU = Release|Any CPU
	EndGlobalSection
	GlobalSection(ProjectConfigurationPlatforms) = postSolution
		{05BD37A8-146D-4FF8-A7EB-3541E4CED89B}.Debug|Any CPU.ActiveCfg = Debug|Any CPU
		{05BD37A8-146D-4FF8-A7EB-3541E4CED89B}.Debug|Any CPU.Build.0 = Debug|Any CPU
		{05BD37A8-146D-4FF8-A7EB-3541E4CED89B}.Release|Any CPU.ActiveCfg = Release|Any CPU
		{05BD37A8-146D-4FF8-A7EB-3541E4CED89B}.Release|Any CPU.Build.0 = Release|Any CPU
	EndGlobalSection
	GlobalSection(SolutionProperties) = preSolution
		HideSolutionNode = FALSE
	EndGlobalSection
	GlobalSection(ExtensibilityGlobals) = postSolution
		SolutionGuid = {B58A0C68-64E9-452F-8B30-0E20D3D98E96}
	EndGlobalSection
EndGlobal
